// !$*UTF8*$!
{
	archiveVersion = 1;
	classes = {
	};
	objectVersion = 46;
	objects = {

/* Begin PBXBuildFile section */
		2FD3CF4B62B0B5E42F686396 /* Pods_Flicks.framework in Frameworks */ = {isa = PBXBuildFile; fileRef = 5F137A365FD8307316A8F169 /* Pods_Flicks.framework */; };
		68004D5B1C52B8E3001A73FE /* AFNetworking.framework in Frameworks */ = {isa = PBXBuildFile; fileRef = 68004D5A1C52B8E3001A73FE /* AFNetworking.framework */; };
		68004D5D1C52B8E7001A73FE /* MBProgressHUD.framework in Frameworks */ = {isa = PBXBuildFile; fileRef = 68004D5C1C52B8E7001A73FE /* MBProgressHUD.framework */; };
		68004D611C5416A0001A73FE /* MovieCollectionCell.swift in Sources */ = {isa = PBXBuildFile; fileRef = 68004D601C5416A0001A73FE /* MovieCollectionCell.swift */; };
		68D728AF1C5179C000A9FD35 /* AppDelegate.swift in Sources */ = {isa = PBXBuildFile; fileRef = 68D728AE1C5179C000A9FD35 /* AppDelegate.swift */; };
		68D728B41C5179C000A9FD35 /* Main.storyboard in Resources */ = {isa = PBXBuildFile; fileRef = 68D728B21C5179C000A9FD35 /* Main.storyboard */; };
		68D728B61C5179C000A9FD35 /* Images.xcassets in Resources */ = {isa = PBXBuildFile; fileRef = 68D728B51C5179C000A9FD35 /* Images.xcassets */; };
		68D728B91C5179C000A9FD35 /* LaunchScreen.xib in Resources */ = {isa = PBXBuildFile; fileRef = 68D728B71C5179C000A9FD35 /* LaunchScreen.xib */; };
		68D728CF1C517B3800A9FD35 /* MoviesViewController.swift in Sources */ = {isa = PBXBuildFile; fileRef = 68D728CE1C517B3800A9FD35 /* MoviesViewController.swift */; };
		68D728D21C5188E800A9FD35 /* MovieCell.swift in Sources */ = {isa = PBXBuildFile; fileRef = 68D728D11C5188E800A9FD35 /* MovieCell.swift */; };
/* End PBXBuildFile section */

/* Begin PBXFileReference section */
		5C0807C9568CC76E759C5430 /* Pods-Flicks.release.xcconfig */ = {isa = PBXFileReference; includeInIndex = 1; lastKnownFileType = text.xcconfig; name = "Pods-Flicks.release.xcconfig"; path = "Pods/Target Support Files/Pods-Flicks/Pods-Flicks.release.xcconfig"; sourceTree = "<group>"; };
		5F137A365FD8307316A8F169 /* Pods_Flicks.framework */ = {isa = PBXFileReference; explicitFileType = wrapper.framework; includeInIndex = 0; path = Pods_Flicks.framework; sourceTree = BUILT_PRODUCTS_DIR; };
		68004D5A1C52B8E3001A73FE /* AFNetworking.framework */ = {isa = PBXFileReference; lastKnownFileType = wrapper.framework; name = AFNetworking.framework; path = "Pods/../build/Debug-iphoneos/AFNetworking.framework"; sourceTree = "<group>"; };
		68004D5C1C52B8E7001A73FE /* MBProgressHUD.framework */ = {isa = PBXFileReference; lastKnownFileType = wrapper.framework; name = MBProgressHUD.framework; path = "Pods/../build/Debug-iphoneos/MBProgressHUD.framework"; sourceTree = "<group>"; };
		68004D601C5416A0001A73FE /* MovieCollectionCell.swift */ = {isa = PBXFileReference; fileEncoding = 4; lastKnownFileType = sourcecode.swift; path = MovieCollectionCell.swift; sourceTree = "<group>"; };
		68D728A91C5179C000A9FD35 /* Flicks.app */ = {isa = PBXFileReference; explicitFileType = wrapper.application; includeInIndex = 0; path = Flicks.app; sourceTree = BUILT_PRODUCTS_DIR; };
		68D728AD1C5179C000A9FD35 /* Info.plist */ = {isa = PBXFileReference; lastKnownFileType = text.plist.xml; path = Info.plist; sourceTree = "<group>"; };
		68D728AE1C5179C000A9FD35 /* AppDelegate.swift */ = {isa = PBXFileReference; lastKnownFileType = sourcecode.swift; path = AppDelegate.swift; sourceTree = "<group>"; };
		68D728B31C5179C000A9FD35 /* Base */ = {isa = PBXFileReference; lastKnownFileType = file.storyboard; name = Base; path = Base.lproj/Main.storyboard; sourceTree = "<group>"; };
		68D728B51C5179C000A9FD35 /* Images.xcassets */ = {isa = PBXFileReference; lastKnownFileType = folder.assetcatalog; path = Images.xcassets; sourceTree = "<group>"; };
		68D728B81C5179C000A9FD35 /* Base */ = {isa = PBXFileReference; lastKnownFileType = file.xib; name = Base; path = Base.lproj/LaunchScreen.xib; sourceTree = "<group>"; };
		68D728C31C5179C000A9FD35 /* Info.plist */ = {isa = PBXFileReference; lastKnownFileType = text.plist.xml; path = Info.plist; sourceTree = "<group>"; };
		68D728C41C5179C000A9FD35 /* FlicksTests.swift */ = {isa = PBXFileReference; lastKnownFileType = sourcecode.swift; path = FlicksTests.swift; sourceTree = "<group>"; };
		68D728CE1C517B3800A9FD35 /* MoviesViewController.swift */ = {isa = PBXFileReference; fileEncoding = 4; lastKnownFileType = sourcecode.swift; path = MoviesViewController.swift; sourceTree = "<group>"; };
		68D728D11C5188E800A9FD35 /* MovieCell.swift */ = {isa = PBXFileReference; fileEncoding = 4; lastKnownFileType = sourcecode.swift; path = MovieCell.swift; sourceTree = "<group>"; };
		96C258E8AEDB6FADB93FAF3E /* Pods-FlicksTests.debug.xcconfig */ = {isa = PBXFileReference; includeInIndex = 1; lastKnownFileType = text.xcconfig; name = "Pods-FlicksTests.debug.xcconfig"; path = "Pods/Target Support Files/Pods-FlicksTests/Pods-FlicksTests.debug.xcconfig"; sourceTree = "<group>"; };
		C0F82B2F9CA39822D30965C5 /* Pods-Flicks.debug.xcconfig */ = {isa = PBXFileReference; includeInIndex = 1; lastKnownFileType = text.xcconfig; name = "Pods-Flicks.debug.xcconfig"; path = "Pods/Target Support Files/Pods-Flicks/Pods-Flicks.debug.xcconfig"; sourceTree = "<group>"; };
		FE523BFCAB3860AAA0ACE904 /* Pods-FlicksTests.release.xcconfig */ = {isa = PBXFileReference; includeInIndex = 1; lastKnownFileType = text.xcconfig; name = "Pods-FlicksTests.release.xcconfig"; path = "Pods/Target Support Files/Pods-FlicksTests/Pods-FlicksTests.release.xcconfig"; sourceTree = "<group>"; };
/* End PBXFileReference section */

/* Begin PBXFrameworksBuildPhase section */
		68D728A61C5179C000A9FD35 /* Frameworks */ = {
			isa = PBXFrameworksBuildPhase;
			buildActionMask = 2147483647;
			files = (
				68004D5D1C52B8E7001A73FE /* MBProgressHUD.framework in Frameworks */,
				68004D5B1C52B8E3001A73FE /* AFNetworking.framework in Frameworks */,
				2FD3CF4B62B0B5E42F686396 /* Pods_Flicks.framework in Frameworks */,
			);
			runOnlyForDeploymentPostprocessing = 0;
		};
/* End PBXFrameworksBuildPhase section */

/* Begin PBXGroup section */
		0F5539DA177DEA583BA285FF /* Frameworks */ = {
			isa = PBXGroup;
			children = (
				68004D5C1C52B8E7001A73FE /* MBProgressHUD.framework */,
				68004D5A1C52B8E3001A73FE /* AFNetworking.framework */,
				5F137A365FD8307316A8F169 /* Pods_Flicks.framework */,
			);
			name = Frameworks;
			sourceTree = "<group>";
		};
		68485E4594C7A6BB065482EE /* Pods */ = {
			isa = PBXGroup;
			children = (
				96C258E8AEDB6FADB93FAF3E /* Pods-FlicksTests.debug.xcconfig */,
				FE523BFCAB3860AAA0ACE904 /* Pods-FlicksTests.release.xcconfig */,
				C0F82B2F9CA39822D30965C5 /* Pods-Flicks.debug.xcconfig */,
				5C0807C9568CC76E759C5430 /* Pods-Flicks.release.xcconfig */,
			);
			name = Pods;
			sourceTree = "<group>";
		};
		68D728A01C5179C000A9FD35 = {
			isa = PBXGroup;
			children = (
				68D728AB1C5179C000A9FD35 /* Flicks */,
				68D728C11C5179C000A9FD35 /* FlicksTests */,
				68D728AA1C5179C000A9FD35 /* Products */,
				68485E4594C7A6BB065482EE /* Pods */,
				0F5539DA177DEA583BA285FF /* Frameworks */,
			);
			sourceTree = "<group>";
		};
		68D728AA1C5179C000A9FD35 /* Products */ = {
			isa = PBXGroup;
			children = (
				68D728A91C5179C000A9FD35 /* Flicks.app */,
			);
			name = Products;
			sourceTree = "<group>";
		};
		68D728AB1C5179C000A9FD35 /* Flicks */ = {
			isa = PBXGroup;
			children = (
				68D728D31C5188FF00A9FD35 /* View Controllers */,
				68D728D01C5188CA00A9FD35 /* Views */,
				68D728AE1C5179C000A9FD35 /* AppDelegate.swift */,
				68D728B21C5179C000A9FD35 /* Main.storyboard */,
				68D728B51C5179C000A9FD35 /* Images.xcassets */,
				68D728B71C5179C000A9FD35 /* LaunchScreen.xib */,
				68D728AC1C5179C000A9FD35 /* Supporting Files */,
			);
			path = Flicks;
			sourceTree = "<group>";
		};
		68D728AC1C5179C000A9FD35 /* Supporting Files */ = {
			isa = PBXGroup;
			children = (
				68D728AD1C5179C000A9FD35 /* Info.plist */,
			);
			name = "Supporting Files";
			sourceTree = "<group>";
		};
		68D728C11C5179C000A9FD35 /* FlicksTests */ = {
			isa = PBXGroup;
			children = (
				68D728C41C5179C000A9FD35 /* FlicksTests.swift */,
				68D728C21C5179C000A9FD35 /* Supporting Files */,
			);
			path = FlicksTests;
			sourceTree = "<group>";
		};
		68D728C21C5179C000A9FD35 /* Supporting Files */ = {
			isa = PBXGroup;
			children = (
				68D728C31C5179C000A9FD35 /* Info.plist */,
			);
			name = "Supporting Files";
			sourceTree = "<group>";
		};
		68D728D01C5188CA00A9FD35 /* Views */ = {
			isa = PBXGroup;
			children = (
				68D728D11C5188E800A9FD35 /* MovieCell.swift */,
				68004D601C5416A0001A73FE /* MovieCollectionCell.swift */,
			);
			name = Views;
			sourceTree = "<group>";
		};
		68D728D31C5188FF00A9FD35 /* View Controllers */ = {
			isa = PBXGroup;
			children = (
				68D728CE1C517B3800A9FD35 /* MoviesViewController.swift */,
			);
			name = "View Controllers";
			sourceTree = "<group>";
		};
/* End PBXGroup section */

/* Begin PBXNativeTarget section */
		68D728A81C5179C000A9FD35 /* Flicks */ = {
			isa = PBXNativeTarget;
			buildConfigurationList = 68D728C81C5179C000A9FD35 /* Build configuration list for PBXNativeTarget "Flicks" */;
			buildPhases = (
				423D892B5E48DF4E78CFFFD0 /* Check Pods Manifest.lock */,
				68D728A51C5179C000A9FD35 /* Sources */,
				68D728A61C5179C000A9FD35 /* Frameworks */,
				68D728A71C5179C000A9FD35 /* Resources */,
				67C299AF0B062B077AABB9ED /* Embed Pods Frameworks */,
				3ADBC9C878CB043E9B5454E7 /* Copy Pods Resources */,
			);
			buildRules = (
			);
			dependencies = (
			);
			name = Flicks;
			productName = Flicks;
			productReference = 68D728A91C5179C000A9FD35 /* Flicks.app */;
			productType = "com.apple.product-type.application";
		};
/* End PBXNativeTarget section */

/* Begin PBXProject section */
		68D728A11C5179C000A9FD35 /* Project object */ = {
			isa = PBXProject;
			attributes = {
				LastUpgradeCheck = 0640;
				ORGANIZATIONNAME = "David Ayeke";
				TargetAttributes = {
					68D728A81C5179C000A9FD35 = {
						CreatedOnToolsVersion = 6.4;
					};
				};
			};
			buildConfigurationList = 68D728A41C5179C000A9FD35 /* Build configuration list for PBXProject "Flicks" */;
			compatibilityVersion = "Xcode 3.2";
			developmentRegion = English;
			hasScannedForEncodings = 0;
			knownRegions = (
				en,
				Base,
			);
			mainGroup = 68D728A01C5179C000A9FD35;
			productRefGroup = 68D728AA1C5179C000A9FD35 /* Products */;
			projectDirPath = "";
			projectRoot = "";
			targets = (
				68D728A81C5179C000A9FD35 /* Flicks */,
			);
		};
/* End PBXProject section */

/* Begin PBXResourcesBuildPhase section */
		68D728A71C5179C000A9FD35 /* Resources */ = {
			isa = PBXResourcesBuildPhase;
			buildActionMask = 2147483647;
			files = (
				68D728B41C5179C000A9FD35 /* Main.storyboard in Resources */,
				68D728B91C5179C000A9FD35 /* LaunchScreen.xib in Resources */,
				68D728B61C5179C000A9FD35 /* Images.xcassets in Resources */,
			);
			runOnlyForDeploymentPostprocessing = 0;
		};
/* End PBXResourcesBuildPhase section */

/* Begin PBXShellScriptBuildPhase section */
		3ADBC9C878CB043E9B5454E7 /* Copy Pods Resources */ = {
			isa = PBXShellScriptBuildPhase;
			buildActionMask = 2147483647;
			files = (
			);
			inputPaths = (
			);
			name = "Copy Pods Resources";
			outputPaths = (
			);
			runOnlyForDeploymentPostprocessing = 0;
			shellPath = /bin/sh;
			shellScript = "\"${SRCROOT}/Pods/Target Support Files/Pods-Flicks/Pods-Flicks-resources.sh\"\n";
			showEnvVarsInLog = 0;
		};
		423D892B5E48DF4E78CFFFD0 /* Check Pods Manifest.lock */ = {
			isa = PBXShellScriptBuildPhase;
			buildActionMask = 2147483647;
			files = (
			);
			inputPaths = (
			);
			name = "Check Pods Manifest.lock";
			outputPaths = (
			);
			runOnlyForDeploymentPostprocessing = 0;
			shellPath = /bin/sh;
			shellScript = "diff \"${PODS_ROOT}/../Podfile.lock\" \"${PODS_ROOT}/Manifest.lock\" > /dev/null\nif [[ $? != 0 ]] ; then\n    cat << EOM\nerror: The sandbox is not in sync with the Podfile.lock. Run 'pod install' or update your CocoaPods installation.\nEOM\n    exit 1\nfi\n";
			showEnvVarsInLog = 0;
		};
		67C299AF0B062B077AABB9ED /* Embed Pods Frameworks */ = {
			isa = PBXShellScriptBuildPhase;
			buildActionMask = 2147483647;
			files = (
			);
			inputPaths = (
			);
			name = "Embed Pods Frameworks";
			outputPaths = (
			);
			runOnlyForDeploymentPostprocessing = 0;
			shellPath = /bin/sh;
			shellScript = "\"${SRCROOT}/Pods/Target Support Files/Pods-Flicks/Pods-Flicks-frameworks.sh\"\n";
			showEnvVarsInLog = 0;
		};
/* End PBXShellScriptBuildPhase section */

/* Begin PBXSourcesBuildPhase section */
		68D728A51C5179C000A9FD35 /* Sources */ = {
			isa = PBXSourcesBuildPhase;
			buildActionMask = 2147483647;
			files = (
				68004D611C5416A0001A73FE /* MovieCollectionCell.swift in Sources */,
				68D728AF1C5179C000A9FD35 /* AppDelegate.swift in Sources */,
				68D728CF1C517B3800A9FD35 /* MoviesViewController.swift in Sources */,
				68D728D21C5188E800A9FD35 /* MovieCell.swift in Sources */,
			);
			runOnlyForDeploymentPostprocessing = 0;
		};
/* End PBXSourcesBuildPhase section */

/* Begin PBXVariantGroup section */
		68D728B21C5179C000A9FD35 /* Main.storyboard */ = {
			isa = PBXVariantGroup;
			children = (
				68D728B31C5179C000A9FD35 /* Base */,
			);
			name = Main.storyboard;
			sourceTree = "<group>";
		};
		68D728B71C5179C000A9FD35 /* LaunchScreen.xib */ = {
			isa = PBXVariantGroup;
			children = (
				68D728B81C5179C000A9FD35 /* Base */,
			);
			name = LaunchScreen.xib;
			sourceTree = "<group>";
		};
/* End PBXVariantGroup section */

/* Begin XCBuildConfiguration section */
		68D728C61C5179C000A9FD35 /* Debug */ = {
			isa = XCBuildConfiguration;
			buildSettings = {
				ALWAYS_SEARCH_USER_PATHS = NO;
				CLANG_CXX_LANGUAGE_STANDARD = "gnu++0x";
				CLANG_CXX_LIBRARY = "libc++";
				CLANG_ENABLE_MODULES = YES;
				CLANG_ENABLE_OBJC_ARC = YES;
				CLANG_WARN_BOOL_CONVERSION = YES;
				CLANG_WARN_CONSTANT_CONVERSION = YES;
				CLANG_WARN_DIRECT_OBJC_ISA_USAGE = YES_ERROR;
				CLANG_WARN_EMPTY_BODY = YES;
				CLANG_WARN_ENUM_CONVERSION = YES;
				CLANG_WARN_INT_CONVERSION = YES;
				CLANG_WARN_OBJC_ROOT_CLASS = YES_ERROR;
				CLANG_WARN_UNREACHABLE_CODE = YES;
				CLANG_WARN__DUPLICATE_METHOD_MATCH = YES;
				"CODE_SIGN_IDENTITY[sdk=iphoneos*]" = "iPhone Developer";
				COPY_PHASE_STRIP = NO;
				DEBUG_INFORMATION_FORMAT = "dwarf-with-dsym";
				ENABLE_STRICT_OBJC_MSGSEND = YES;
				GCC_C_LANGUAGE_STANDARD = gnu99;
				GCC_DYNAMIC_NO_PIC = NO;
				GCC_NO_COMMON_BLOCKS = YES;
				GCC_OPTIMIZATION_LEVEL = 0;
				GCC_PREPROCESSOR_DEFINITIONS = (
					"DEBUG=1",
					"$(inherited)",
				);
				GCC_SYMBOLS_PRIVATE_EXTERN = NO;
				GCC_WARN_64_TO_32_BIT_CONVERSION = YES;
				GCC_WARN_ABOUT_RETURN_TYPE = YES_ERROR;
				GCC_WARN_UNDECLARED_SELECTOR = YES;
				GCC_WARN_UNINITIALIZED_AUTOS = YES_AGGRESSIVE;
				GCC_WARN_UNUSED_FUNCTION = YES;
				GCC_WARN_UNUSED_VARIABLE = YES;
				IPHONEOS_DEPLOYMENT_TARGET = 8.4;
				MTL_ENABLE_DEBUG_INFO = YES;
				ONLY_ACTIVE_ARCH = YES;
				SDKROOT = iphoneos;
				SWIFT_OPTIMIZATION_LEVEL = "-Onone";
			};
			name = Debug;
		};
		68D728C71C5179C000A9FD35 /* Release */ = {
			isa = XCBuildConfiguration;
			buildSettings = {
				ALWAYS_SEARCH_USER_PATHS = NO;
				CLANG_CXX_LANGUAGE_STANDARD = "gnu++0x";
				CLANG_CXX_LIBRARY = "libc++";
				CLANG_ENABLE_MODULES = YES;
				CLANG_ENABLE_OBJC_ARC = YES;
				CLANG_WARN_BOOL_CONVERSION = YES;
				CLANG_WARN_CONSTANT_CONVERSION = YES;
				CLANG_WARN_DIRECT_OBJC_ISA_USAGE = YES_ERROR;
				CLANG_WARN_EMPTY_BODY = YES;
				CLANG_WARN_ENUM_CONVERSION = YES;
				CLANG_WARN_INT_CONVERSION = YES;
				CLANG_WARN_OBJC_ROOT_CLASS = YES_ERROR;
				CLANG_WARN_UNREACHABLE_CODE = YES;
				CLANG_WARN__DUPLICATE_METHOD_MATCH = YES;
				"CODE_SIGN_IDENTITY[sdk=iphoneos*]" = "iPhone Developer";
				COPY_PHASE_STRIP = NO;
				DEBUG_INFORMATION_FORMAT = "dwarf-with-dsym";
				ENABLE_NS_ASSERTIONS = NO;
				ENABLE_STRICT_OBJC_MSGSEND = YES;
				GCC_C_LANGUAGE_STANDARD = gnu99;
				GCC_NO_COMMON_BLOCKS = YES;
				GCC_WARN_64_TO_32_BIT_CONVERSION = YES;
				GCC_WARN_ABOUT_RETURN_TYPE = YES_ERROR;
				GCC_WARN_UNDECLARED_SELECTOR = YES;
				GCC_WARN_UNINITIALIZED_AUTOS = YES_AGGRESSIVE;
				GCC_WARN_UNUSED_FUNCTION = YES;
				GCC_WARN_UNUSED_VARIABLE = YES;
				IPHONEOS_DEPLOYMENT_TARGET = 8.4;
				MTL_ENABLE_DEBUG_INFO = NO;
				SDKROOT = iphoneos;
				VALIDATE_PRODUCT = YES;
			};
			name = Release;
		};
		68D728C91C5179C000A9FD35 /* Debug */ = {
			isa = XCBuildConfiguration;
			baseConfigurationReference = C0F82B2F9CA39822D30965C5 /* Pods-Flicks.debug.xcconfig */;
			buildSettings = {
				ASSETCATALOG_COMPILER_APPICON_NAME = AppIcon;
				FRAMEWORK_SEARCH_PATHS = (
					"$(inherited)",
					"$(PROJECT_DIR)/build/Debug-iphoneos",
				);
				INFOPLIST_FILE = Flicks/Info.plist;
				LD_RUNPATH_SEARCH_PATHS = "$(inherited) @executable_path/Frameworks";
				PRODUCT_NAME = "$(TARGET_NAME)";
			};
			name = Debug;
		};
		68D728CA1C5179C000A9FD35 /* Release */ = {
			isa = XCBuildConfiguration;
			baseConfigurationReference = 5C0807C9568CC76E759C5430 /* Pods-Flicks.release.xcconfig */;
			buildSettings = {
				ASSETCATALOG_COMPILER_APPICON_NAME = AppIcon;
				FRAMEWORK_SEARCH_PATHS = (
					"$(inherited)",
					"$(PROJECT_DIR)/build/Debug-iphoneos",
				);
				INFOPLIST_FILE = Flicks/Info.plist;
				LD_RUNPATH_SEARCH_PATHS = "$(inherited) @executable_path/Frameworks";
				PRODUCT_NAME = "$(TARGET_NAME)";
			};
			name = Release;
		};
/* End XCBuildConfiguration section */

/* Begin XCConfigurationList section */
		68D728A41C5179C000A9FD35 /* Build configuration list for PBXProject "Flicks" */ = {
			isa = XCConfigurationList;
			buildConfigurations = (
				68D728C61C5179C000A9FD35 /* Debug */,
				68D728C71C5179C000A9FD35 /* Release */,
			);
			defaultConfigurationIsVisible = 0;
			defaultConfigurationName = Release;
		};
		68D728C81C5179C000A9FD35 /* Build configuration list for PBXNativeTarget "Flicks" */ = {
			isa = XCConfigurationList;
			buildConfigurations = (
				68D728C91C5179C000A9FD35 /* Debug */,
				68D728CA1C5179C000A9FD35 /* Release */,
			);
			defaultConfigurationIsVisible = 0;
			defaultConfigurationName = Release;
		};
/* End XCConfigurationList section */
	};
	rootObject = 68D728A11C5179C000A9FD35 /* Project object */;
}
